// !$*UTF8*$!
{
	archiveVersion = 1;
	classes = {
	};
	objectVersion = 55;
	objects = {

/* Begin PBXBuildFile section */
		06287C80283BBBC20043F87A /* ArchiverBox.swift in Sources */ = {isa = PBXBuildFile; fileRef = 06287C7F283BBBC20043F87A /* ArchiverBox.swift */; };
		06578703283248E20097F3BB /* KeyboardShortcuts in Frameworks */ = {isa = PBXBuildFile; productRef = 06578702283248E20097F3BB /* KeyboardShortcuts */; };
		065787052832497D0097F3BB /* SettingsScreen.swift in Sources */ = {isa = PBXBuildFile; fileRef = 065787042832497D0097F3BB /* SettingsScreen.swift */; };
		0657870728324D4C0097F3BB /* AppState.swift in Sources */ = {isa = PBXBuildFile; fileRef = 0657870628324D4C0097F3BB /* AppState.swift */; };
		065D43D7281FC1E50078EC9D /* DualPresenterApp.swift in Sources */ = {isa = PBXBuildFile; fileRef = 065D43D6281FC1E50078EC9D /* DualPresenterApp.swift */; };
		065D43D9281FC1E50078EC9D /* MainView.swift in Sources */ = {isa = PBXBuildFile; fileRef = 065D43D8281FC1E50078EC9D /* MainView.swift */; };
		065D43DB281FC1E80078EC9D /* Assets.xcassets in Resources */ = {isa = PBXBuildFile; fileRef = 065D43DA281FC1E80078EC9D /* Assets.xcassets */; };
		06625A9B28296D18003B2B6D /* CustomizableTextEditor.swift in Sources */ = {isa = PBXBuildFile; fileRef = 06625A9A28296D18003B2B6D /* CustomizableTextEditor.swift */; };
		06625A9D28297A46003B2B6D /* Presentation.swift in Sources */ = {isa = PBXBuildFile; fileRef = 06625A9C28297A46003B2B6D /* Presentation.swift */; };
		06625A9F28297B36003B2B6D /* SlideView.swift in Sources */ = {isa = PBXBuildFile; fileRef = 06625A9E28297B36003B2B6D /* SlideView.swift */; };
		06625AA628297FF5003B2B6D /* Extensions.swift in Sources */ = {isa = PBXBuildFile; fileRef = 06625AA528297FF5003B2B6D /* Extensions.swift */; };
		066D5268282A39BA008C0200 /* PreviewView.swift in Sources */ = {isa = PBXBuildFile; fileRef = 066D5267282A39BA008C0200 /* PreviewView.swift */; };
		066D526A282A3A3A008C0200 /* ScreenGrabber.swift in Sources */ = {isa = PBXBuildFile; fileRef = 066D5269282A3A3A008C0200 /* ScreenGrabber.swift */; };
		06F36629282416B50037B965 /* KeyEventHandling.swift in Sources */ = {isa = PBXBuildFile; fileRef = 06F36628282416B50037B965 /* KeyEventHandling.swift */; };
		06F3662B282957E60037B965 /* Slide.swift in Sources */ = {isa = PBXBuildFile; fileRef = 06F3662A282957E60037B965 /* Slide.swift */; };
		06F3662D28295F4C0037B965 /* AppDelegate.swift in Sources */ = {isa = PBXBuildFile; fileRef = 06F3662C28295F4C0037B965 /* AppDelegate.swift */; };
/* End PBXBuildFile section */

/* Begin PBXFileReference section */
		06287C7F283BBBC20043F87A /* ArchiverBox.swift */ = {isa = PBXFileReference; lastKnownFileType = sourcecode.swift; path = ArchiverBox.swift; sourceTree = "<group>"; };
		06336B5D2829A7C8003AEBFD /* Info.plist */ = {isa = PBXFileReference; lastKnownFileType = text.plist; path = Info.plist; sourceTree = "<group>"; };
		06578700283248720097F3BB /* KeyboardShortcuts */ = {isa = PBXFileReference; lastKnownFileType = wrapper; name = KeyboardShortcuts; path = ../KeyboardShortcuts; sourceTree = "<group>"; };
		065787042832497D0097F3BB /* SettingsScreen.swift */ = {isa = PBXFileReference; lastKnownFileType = sourcecode.swift; path = SettingsScreen.swift; sourceTree = "<group>"; };
		0657870628324D4C0097F3BB /* AppState.swift */ = {isa = PBXFileReference; lastKnownFileType = sourcecode.swift; path = AppState.swift; sourceTree = "<group>"; };
		065D43D3281FC1E50078EC9D /* DualPresenter.app */ = {isa = PBXFileReference; explicitFileType = wrapper.application; includeInIndex = 0; path = DualPresenter.app; sourceTree = BUILT_PRODUCTS_DIR; };
		065D43D6281FC1E50078EC9D /* DualPresenterApp.swift */ = {isa = PBXFileReference; lastKnownFileType = sourcecode.swift; path = DualPresenterApp.swift; sourceTree = "<group>"; };
		065D43D8281FC1E50078EC9D /* MainView.swift */ = {isa = PBXFileReference; lastKnownFileType = sourcecode.swift; path = MainView.swift; sourceTree = "<group>"; };
		065D43DA281FC1E80078EC9D /* Assets.xcassets */ = {isa = PBXFileReference; lastKnownFileType = folder.assetcatalog; path = Assets.xcassets; sourceTree = "<group>"; };
		065D43DF281FC1E80078EC9D /* DualPresenter.entitlements */ = {isa = PBXFileReference; lastKnownFileType = text.plist.entitlements; path = DualPresenter.entitlements; sourceTree = "<group>"; };
		06625A9A28296D18003B2B6D /* CustomizableTextEditor.swift */ = {isa = PBXFileReference; lastKnownFileType = sourcecode.swift; path = CustomizableTextEditor.swift; sourceTree = "<group>"; };
		06625A9C28297A46003B2B6D /* Presentation.swift */ = {isa = PBXFileReference; lastKnownFileType = sourcecode.swift; path = Presentation.swift; sourceTree = "<group>"; };
		06625A9E28297B36003B2B6D /* SlideView.swift */ = {isa = PBXFileReference; lastKnownFileType = sourcecode.swift; path = SlideView.swift; sourceTree = "<group>"; };
		06625AA528297FF5003B2B6D /* Extensions.swift */ = {isa = PBXFileReference; lastKnownFileType = sourcecode.swift; path = Extensions.swift; sourceTree = "<group>"; };
		066D5267282A39BA008C0200 /* PreviewView.swift */ = {isa = PBXFileReference; lastKnownFileType = sourcecode.swift; path = PreviewView.swift; sourceTree = "<group>"; };
		066D5269282A3A3A008C0200 /* ScreenGrabber.swift */ = {isa = PBXFileReference; lastKnownFileType = sourcecode.swift; path = ScreenGrabber.swift; sourceTree = "<group>"; };
		06F36628282416B50037B965 /* KeyEventHandling.swift */ = {isa = PBXFileReference; lastKnownFileType = sourcecode.swift; path = KeyEventHandling.swift; sourceTree = "<group>"; };
		06F3662A282957E60037B965 /* Slide.swift */ = {isa = PBXFileReference; lastKnownFileType = sourcecode.swift; path = Slide.swift; sourceTree = "<group>"; };
		06F3662C28295F4C0037B965 /* AppDelegate.swift */ = {isa = PBXFileReference; lastKnownFileType = sourcecode.swift; path = AppDelegate.swift; sourceTree = "<group>"; };
/* End PBXFileReference section */

/* Begin PBXFrameworksBuildPhase section */
		065D43D0281FC1E50078EC9D /* Frameworks */ = {
			isa = PBXFrameworksBuildPhase;
			buildActionMask = 2147483647;
			files = (
				06578703283248E20097F3BB /* KeyboardShortcuts in Frameworks */,
			);
			runOnlyForDeploymentPostprocessing = 0;
		};
/* End PBXFrameworksBuildPhase section */

/* Begin PBXGroup section */
		065786FF283248720097F3BB /* Packages */ = {
			isa = PBXGroup;
			children = (
				06578700283248720097F3BB /* KeyboardShortcuts */,
			);
			name = Packages;
			sourceTree = "<group>";
		};
		06578701283248E20097F3BB /* Frameworks */ = {
			isa = PBXGroup;
			children = (
			);
			name = Frameworks;
			sourceTree = "<group>";
		};
		065D43CA281FC1E50078EC9D = {
			isa = PBXGroup;
			children = (
				065786FF283248720097F3BB /* Packages */,
				065D43D5281FC1E50078EC9D /* DualPresenter */,
				065D43D4281FC1E50078EC9D /* Products */,
				06578701283248E20097F3BB /* Frameworks */,
			);
			sourceTree = "<group>";
		};
		065D43D4281FC1E50078EC9D /* Products */ = {
			isa = PBXGroup;
			children = (
				065D43D3281FC1E50078EC9D /* DualPresenter.app */,
			);
			name = Products;
			sourceTree = "<group>";
		};
		065D43D5281FC1E50078EC9D /* DualPresenter */ = {
			isa = PBXGroup;
			children = (
				06336B5D2829A7C8003AEBFD /* Info.plist */,
				06625AA428297BEE003B2B6D /* Views */,
				06625AA328297BD6003B2B6D /* Helpers */,
				06625AA228297B9D003B2B6D /* Models */,
				065D43D6281FC1E50078EC9D /* DualPresenterApp.swift */,
				065D43DA281FC1E80078EC9D /* Assets.xcassets */,
				065D43DF281FC1E80078EC9D /* DualPresenter.entitlements */,
				06F3662C28295F4C0037B965 /* AppDelegate.swift */,
				0657870628324D4C0097F3BB /* AppState.swift */,
			);
			path = DualPresenter;
			sourceTree = "<group>";
		};
		06625AA228297B9D003B2B6D /* Models */ = {
			isa = PBXGroup;
			children = (
				06625A9C28297A46003B2B6D /* Presentation.swift */,
				06F3662A282957E60037B965 /* Slide.swift */,
			);
			path = Models;
			sourceTree = "<group>";
		};
		06625AA328297BD6003B2B6D /* Helpers */ = {
			isa = PBXGroup;
			children = (
				06F36628282416B50037B965 /* KeyEventHandling.swift */,
				06625A9A28296D18003B2B6D /* CustomizableTextEditor.swift */,
				06625AA528297FF5003B2B6D /* Extensions.swift */,
				066D5269282A3A3A008C0200 /* ScreenGrabber.swift */,
				06287C7F283BBBC20043F87A /* ArchiverBox.swift */,
			);
			path = Helpers;
			sourceTree = "<group>";
		};
		06625AA428297BEE003B2B6D /* Views */ = {
			isa = PBXGroup;
			children = (
				065D43D8281FC1E50078EC9D /* MainView.swift */,
				06625A9E28297B36003B2B6D /* SlideView.swift */,
				066D5267282A39BA008C0200 /* PreviewView.swift */,
				065787042832497D0097F3BB /* SettingsScreen.swift */,
			);
			path = Views;
			sourceTree = "<group>";
		};
/* End PBXGroup section */

/* Begin PBXNativeTarget section */
		065D43D2281FC1E50078EC9D /* DualPresenter */ = {
			isa = PBXNativeTarget;
			buildConfigurationList = 065D43E2281FC1E80078EC9D /* Build configuration list for PBXNativeTarget "DualPresenter" */;
			buildPhases = (
				065D43CF281FC1E50078EC9D /* Sources */,
				065D43D0281FC1E50078EC9D /* Frameworks */,
				065D43D1281FC1E50078EC9D /* Resources */,
			);
			buildRules = (
			);
			dependencies = (
			);
			name = DualPresenter;
			packageProductDependencies = (
				06578702283248E20097F3BB /* KeyboardShortcuts */,
			);
			productName = DualPresenter;
			productReference = 065D43D3281FC1E50078EC9D /* DualPresenter.app */;
			productType = "com.apple.product-type.application";
		};
/* End PBXNativeTarget section */

/* Begin PBXProject section */
		065D43CB281FC1E50078EC9D /* Project object */ = {
			isa = PBXProject;
			attributes = {
				BuildIndependentTargetsInParallel = 1;
				LastSwiftUpdateCheck = 1330;
				LastUpgradeCheck = 1330;
				TargetAttributes = {
					065D43D2281FC1E50078EC9D = {
						CreatedOnToolsVersion = 13.3.1;
					};
				};
			};
			buildConfigurationList = 065D43CE281FC1E50078EC9D /* Build configuration list for PBXProject "DualPresenter" */;
			compatibilityVersion = "Xcode 13.0";
			developmentRegion = en;
			hasScannedForEncodings = 0;
			knownRegions = (
				en,
				Base,
			);
			mainGroup = 065D43CA281FC1E50078EC9D;
			packageReferences = (
			);
			productRefGroup = 065D43D4281FC1E50078EC9D /* Products */;
			projectDirPath = "";
			projectRoot = "";
			targets = (
				065D43D2281FC1E50078EC9D /* DualPresenter */,
			);
		};
/* End PBXProject section */

/* Begin PBXResourcesBuildPhase section */
		065D43D1281FC1E50078EC9D /* Resources */ = {
			isa = PBXResourcesBuildPhase;
			buildActionMask = 2147483647;
			files = (
				065D43DB281FC1E80078EC9D /* Assets.xcassets in Resources */,
			);
			runOnlyForDeploymentPostprocessing = 0;
		};
/* End PBXResourcesBuildPhase section */

/* Begin PBXSourcesBuildPhase section */
		065D43CF281FC1E50078EC9D /* Sources */ = {
			isa = PBXSourcesBuildPhase;
			buildActionMask = 2147483647;
			files = (
				06F36629282416B50037B965 /* KeyEventHandling.swift in Sources */,
				066D526A282A3A3A008C0200 /* ScreenGrabber.swift in Sources */,
				06625AA628297FF5003B2B6D /* Extensions.swift in Sources */,
				06625A9D28297A46003B2B6D /* Presentation.swift in Sources */,
				065787052832497D0097F3BB /* SettingsScreen.swift in Sources */,
				065D43D9281FC1E50078EC9D /* MainView.swift in Sources */,
				065D43D7281FC1E50078EC9D /* DualPresenterApp.swift in Sources */,
				066D5268282A39BA008C0200 /* PreviewView.swift in Sources */,
				06625A9B28296D18003B2B6D /* CustomizableTextEditor.swift in Sources */,
				06287C80283BBBC20043F87A /* ArchiverBox.swift in Sources */,
				06F3662D28295F4C0037B965 /* AppDelegate.swift in Sources */,
				0657870728324D4C0097F3BB /* AppState.swift in Sources */,
				06625A9F28297B36003B2B6D /* SlideView.swift in Sources */,
				06F3662B282957E60037B965 /* Slide.swift in Sources */,
			);
			runOnlyForDeploymentPostprocessing = 0;
		};
/* End PBXSourcesBuildPhase section */

/* Begin XCBuildConfiguration section */
		065D43E0281FC1E80078EC9D /* Debug */ = {
			isa = XCBuildConfiguration;
			buildSettings = {
				ALWAYS_SEARCH_USER_PATHS = NO;
				CLANG_ANALYZER_NONNULL = YES;
				CLANG_ANALYZER_NUMBER_OBJECT_CONVERSION = YES_AGGRESSIVE;
				CLANG_CXX_LANGUAGE_STANDARD = "gnu++17";
				CLANG_ENABLE_MODULES = YES;
				CLANG_ENABLE_OBJC_ARC = YES;
				CLANG_ENABLE_OBJC_WEAK = YES;
				CLANG_WARN_BLOCK_CAPTURE_AUTORELEASING = YES;
				CLANG_WARN_BOOL_CONVERSION = YES;
				CLANG_WARN_COMMA = YES;
				CLANG_WARN_CONSTANT_CONVERSION = YES;
				CLANG_WARN_DEPRECATED_OBJC_IMPLEMENTATIONS = YES;
				CLANG_WARN_DIRECT_OBJC_ISA_USAGE = YES_ERROR;
				CLANG_WARN_DOCUMENTATION_COMMENTS = YES;
				CLANG_WARN_EMPTY_BODY = YES;
				CLANG_WARN_ENUM_CONVERSION = YES;
				CLANG_WARN_INFINITE_RECURSION = YES;
				CLANG_WARN_INT_CONVERSION = YES;
				CLANG_WARN_NON_LITERAL_NULL_CONVERSION = YES;
				CLANG_WARN_OBJC_IMPLICIT_RETAIN_SELF = YES;
				CLANG_WARN_OBJC_LITERAL_CONVERSION = YES;
				CLANG_WARN_OBJC_ROOT_CLASS = YES_ERROR;
				CLANG_WARN_QUOTED_INCLUDE_IN_FRAMEWORK_HEADER = YES;
				CLANG_WARN_RANGE_LOOP_ANALYSIS = YES;
				CLANG_WARN_STRICT_PROTOTYPES = YES;
				CLANG_WARN_SUSPICIOUS_MOVE = YES;
				CLANG_WARN_UNGUARDED_AVAILABILITY = YES_AGGRESSIVE;
				CLANG_WARN_UNREACHABLE_CODE = YES;
				CLANG_WARN__DUPLICATE_METHOD_MATCH = YES;
				COPY_PHASE_STRIP = NO;
				DEBUG_INFORMATION_FORMAT = dwarf;
				ENABLE_STRICT_OBJC_MSGSEND = YES;
				ENABLE_TESTABILITY = YES;
				GCC_C_LANGUAGE_STANDARD = gnu11;
				GCC_DYNAMIC_NO_PIC = NO;
				GCC_NO_COMMON_BLOCKS = YES;
				GCC_OPTIMIZATION_LEVEL = 0;
				GCC_PREPROCESSOR_DEFINITIONS = (
					"DEBUG=1",
					"$(inherited)",
				);
				GCC_WARN_64_TO_32_BIT_CONVERSION = YES;
				GCC_WARN_ABOUT_RETURN_TYPE = YES_ERROR;
				GCC_WARN_UNDECLARED_SELECTOR = YES;
				GCC_WARN_UNINITIALIZED_AUTOS = YES_AGGRESSIVE;
				GCC_WARN_UNUSED_FUNCTION = YES;
				GCC_WARN_UNUSED_VARIABLE = YES;
				MACOSX_DEPLOYMENT_TARGET = 12.3;
				MTL_ENABLE_DEBUG_INFO = INCLUDE_SOURCE;
				MTL_FAST_MATH = YES;
				ONLY_ACTIVE_ARCH = YES;
				SDKROOT = macosx;
				SWIFT_ACTIVE_COMPILATION_CONDITIONS = DEBUG;
				SWIFT_OPTIMIZATION_LEVEL = "-Onone";
			};
			name = Debug;
		};
		065D43E1281FC1E80078EC9D /* Release */ = {
			isa = XCBuildConfiguration;
			buildSettings = {
				ALWAYS_SEARCH_USER_PATHS = NO;
				CLANG_ANALYZER_NONNULL = YES;
				CLANG_ANALYZER_NUMBER_OBJECT_CONVERSION = YES_AGGRESSIVE;
				CLANG_CXX_LANGUAGE_STANDARD = "gnu++17";
				CLANG_ENABLE_MODULES = YES;
				CLANG_ENABLE_OBJC_ARC = YES;
				CLANG_ENABLE_OBJC_WEAK = YES;
				CLANG_WARN_BLOCK_CAPTURE_AUTORELEASING = YES;
				CLANG_WARN_BOOL_CONVERSION = YES;
				CLANG_WARN_COMMA = YES;
				CLANG_WARN_CONSTANT_CONVERSION = YES;
				CLANG_WARN_DEPRECATED_OBJC_IMPLEMENTATIONS = YES;
				CLANG_WARN_DIRECT_OBJC_ISA_USAGE = YES_ERROR;
				CLANG_WARN_DOCUMENTATION_COMMENTS = YES;
				CLANG_WARN_EMPTY_BODY = YES;
				CLANG_WARN_ENUM_CONVERSION = YES;
				CLANG_WARN_INFINITE_RECURSION = YES;
				CLANG_WARN_INT_CONVERSION = YES;
				CLANG_WARN_NON_LITERAL_NULL_CONVERSION = YES;
				CLANG_WARN_OBJC_IMPLICIT_RETAIN_SELF = YES;
				CLANG_WARN_OBJC_LITERAL_CONVERSION = YES;
				CLANG_WARN_OBJC_ROOT_CLASS = YES_ERROR;
				CLANG_WARN_QUOTED_INCLUDE_IN_FRAMEWORK_HEADER = YES;
				CLANG_WARN_RANGE_LOOP_ANALYSIS = YES;
				CLANG_WARN_STRICT_PROTOTYPES = YES;
				CLANG_WARN_SUSPICIOUS_MOVE = YES;
				CLANG_WARN_UNGUARDED_AVAILABILITY = YES_AGGRESSIVE;
				CLANG_WARN_UNREACHABLE_CODE = YES;
				CLANG_WARN__DUPLICATE_METHOD_MATCH = YES;
				COPY_PHASE_STRIP = NO;
				DEBUG_INFORMATION_FORMAT = "dwarf-with-dsym";
				ENABLE_NS_ASSERTIONS = NO;
				ENABLE_STRICT_OBJC_MSGSEND = YES;
				GCC_C_LANGUAGE_STANDARD = gnu11;
				GCC_NO_COMMON_BLOCKS = YES;
				GCC_WARN_64_TO_32_BIT_CONVERSION = YES;
				GCC_WARN_ABOUT_RETURN_TYPE = YES_ERROR;
				GCC_WARN_UNDECLARED_SELECTOR = YES;
				GCC_WARN_UNINITIALIZED_AUTOS = YES_AGGRESSIVE;
				GCC_WARN_UNUSED_FUNCTION = YES;
				GCC_WARN_UNUSED_VARIABLE = YES;
				MACOSX_DEPLOYMENT_TARGET = 12.3;
				MTL_ENABLE_DEBUG_INFO = NO;
				MTL_FAST_MATH = YES;
				SDKROOT = macosx;
				SWIFT_COMPILATION_MODE = wholemodule;
				SWIFT_OPTIMIZATION_LEVEL = "-O";
			};
			name = Release;
		};
		065D43E3281FC1E80078EC9D /* Debug */ = {
			isa = XCBuildConfiguration;
			buildSettings = {
				ASSETCATALOG_COMPILER_APPICON_NAME = AppIcon;
				ASSETCATALOG_COMPILER_GLOBAL_ACCENT_COLOR_NAME = AccentColor;
				CODE_SIGN_ENTITLEMENTS = DualPresenter/DualPresenter.entitlements;
				CODE_SIGN_IDENTITY = "Apple Development";
				CODE_SIGN_STYLE = Automatic;
				COMBINE_HIDPI_IMAGES = YES;
				CURRENT_PROJECT_VERSION = 1;
				DEVELOPMENT_TEAM = U69L99G3AF;
				ENABLE_HARDENED_RUNTIME = YES;
				ENABLE_PREVIEWS = YES;
				GENERATE_INFOPLIST_FILE = YES;
				INFOPLIST_FILE = DualPresenter/Info.plist;
				INFOPLIST_KEY_LSApplicationCategoryType = "public.app-category.video";
				INFOPLIST_KEY_NSHumanReadableCopyright = "";
				LD_RUNPATH_SEARCH_PATHS = (
					"$(inherited)",
					"@executable_path/../Frameworks",
				);
				MARKETING_VERSION = 1.0;
				PRODUCT_BUNDLE_IDENTIFIER = net.pardeike.lab.DualPresenter;
				PRODUCT_NAME = "$(TARGET_NAME)";
				SWIFT_EMIT_LOC_STRINGS = YES;
				SWIFT_VERSION = 5.0;
			};
			name = Debug;
		};
		065D43E4281FC1E80078EC9D /* Release */ = {
			isa = XCBuildConfiguration;
			buildSettings = {
				ASSETCATALOG_COMPILER_APPICON_NAME = AppIcon;
				ASSETCATALOG_COMPILER_GLOBAL_ACCENT_COLOR_NAME = AccentColor;
				CODE_SIGN_ENTITLEMENTS = DualPresenter/DualPresenter.entitlements;
				CODE_SIGN_IDENTITY = "Apple Development";
				CODE_SIGN_STYLE = Automatic;
				COMBINE_HIDPI_IMAGES = YES;
				CURRENT_PROJECT_VERSION = 1;
				DEVELOPMENT_TEAM = U69L99G3AF;
				ENABLE_HARDENED_RUNTIME = YES;
				ENABLE_PREVIEWS = YES;
				GENERATE_INFOPLIST_FILE = YES;
				INFOPLIST_FILE = DualPresenter/Info.plist;
				INFOPLIST_KEY_LSApplicationCategoryType = "public.app-category.video";
				INFOPLIST_KEY_NSHumanReadableCopyright = "";
				LD_RUNPATH_SEARCH_PATHS = (
					"$(inherited)",
					"@executable_path/../Frameworks",
				);
				MARKETING_VERSION = 1.0;
				PRODUCT_BUNDLE_IDENTIFIER = net.pardeike.lab.DualPresenter;
				PRODUCT_NAME = "$(TARGET_NAME)";
				SWIFT_EMIT_LOC_STRINGS = YES;
				SWIFT_VERSION = 5.0;
			};
			name = Release;
		};
/* End XCBuildConfiguration section */

/* Begin XCConfigurationList section */
		065D43CE281FC1E50078EC9D /* Build configuration list for PBXProject "DualPresenter" */ = {
			isa = XCConfigurationList;
			buildConfigurations = (
				065D43E0281FC1E80078EC9D /* Debug */,
				065D43E1281FC1E80078EC9D /* Release */,
			);
			defaultConfigurationIsVisible = 0;
			defaultConfigurationName = Release;
		};
		065D43E2281FC1E80078EC9D /* Build configuration list for PBXNativeTarget "DualPresenter" */ = {
			isa = XCConfigurationList;
			buildConfigurations = (
				065D43E3281FC1E80078EC9D /* Debug */,
				065D43E4281FC1E80078EC9D /* Release */,
			);
			defaultConfigurationIsVisible = 0;
			defaultConfigurationName = Release;
		};
/* End XCConfigurationList section */

/* Begin XCSwiftPackageProductDependency section */
		06578702283248E20097F3BB /* KeyboardShortcuts */ = {
			isa = XCSwiftPackageProductDependency;
			productName = KeyboardShortcuts;
		};
/* End XCSwiftPackageProductDependency section */
	};
	rootObject = 065D43CB281FC1E50078EC9D /* Project object */;
}
